
Microsoft Visual Studio Solution File, Format Version 12.00
# Visual Studio Version 17
VisualStudioVersion = 17.8.34322.80
MinimumVisualStudioVersion = 10.0.40219.1
Project("{FAE04EC0-301F-11D3-BF4B-00C04F79EFBC}") = "9.1", "9.1.csproj", "{5160A22A-BBE3-4748-9FA9-CCBAB1B6F46B}"
EndProject
Global
	GlobalSection(SolutionConfigurationPlatforms) = preSolution
		Debug|Any CPU = Debug|Any CPU
		Release|Any CPU = Release|Any CPU
	EndGlobalSection
	GlobalSection(ProjectConfigurationPlatforms) = postSolution
		{5160A22A-BBE3-4748-9FA9-CCBAB1B6F46B}.Debug|Any CPU.ActiveCfg = Debug|Any CPU
		{5160A22A-BBE3-4748-9FA9-CCBAB1B6F46B}.Debug|Any CPU.Build.0 = Debug|Any CPU
		{5160A22A-BBE3-4748-9FA9-CCBAB1B6F46B}.Release|Any CPU.ActiveCfg = Release|Any CPU
		{5160A22A-BBE3-4748-9FA9-CCBAB1B6F46B}.Release|Any CPU.Build.0 = Release|Any CPU
	EndGlobalSection
	GlobalSection(SolutionProperties) = preSolution
		HideSolutionNode = FALSE
	EndGlobalSection
	GlobalSection(ExtensibilityGlobals) = postSolution
		SolutionGuid = {EF7CAEA0-97CE-48BA-82BB-C6847EE3AAB7}
	EndGlobalSection
EndGlobal
